{
    "_meta": {
        "hash": {
            "sha256": "226819bfaf371df0312ff8d177c27989b24ba9f9a672a06e51120cde0d1ebc57"
        },
        "pipfile-spec": 6,
        "requires": {
            "python_version": "3.7"
        },
        "sources": [
            {
                "name": "pypi",
                "url": "https://pypi.org/simple",
                "verify_ssl": true
            }
        ]
    },
    "default": {
        "sortedcontainers": {
            "hashes": [
                "sha256:37257a32add0a3ee490bb170b599e93095eed89a55da91fa9f48753ea12fd73f",
                "sha256:59cc937650cf60d677c16775597c89a960658a09cf7c1a668f86e1e4464b10a1"
            ],
            "index": "pypi",
            "version": "==2.3.0"
        },
        "uuid": {
            "hashes": [
                "sha256:1f87cc004ac5120466f36c5beae48b4c48cc411968eed0eaecd3da82aa96193f"
            ],
            "index": "pypi",
            "version": "==1.30"
        },
        "websockets": {
            "hashes": [
                "sha256:0a6ea8bbc6c608daad49fac61efd66ef6769a8591442cfdc7f07589fa09fb218",
                "sha256:0e6b12d5d990010990920d56ad911e44b3053a5e2dbc29059e3e170f18b13e8e",
                "sha256:25256f89611412995b49711eb2df87d051e83e527ec696b20eaf2acd980d3ea2",
                "sha256:25a8540b9139b29b586c8703f852eb120d9458ea3a6fa43e74d7ad8b9ecab857",
                "sha256:39b4685fa0d2615f38fc316368f2bfefdb284166849c968ddcc2548dc5ce438a",
                "sha256:4605f0fc7d857b60c2de622560d4c363eb1e5f34b6ccc3180d6b4f35320e9533",
                "sha256:4b23e3bee637eceb74542571be6c723e8b86676192265e384502a0792509598c",
                "sha256:4e22510cdc29bbca25d1e18541e0466f1b8b0d88034ac94343dcd67e89ea56a6",
                "sha256:81c036e600decfd70d63c847495edf8d18510d5afb3ffe3ac84a2ce8498e2bda",
                "sha256:8c8f9debc1dd247c9d2c907413fee7749857e0517f24ca21376f75add59cb4c3",
                "sha256:9a0e2446046c957ceda1a0e550e0777b471712d92b1875f072fdbaab0088f940",
                "sha256:a1985c0bbff337c34d88bc0ea9f00a1ab298042f32fe13e75a0acebee51b2df7",
                "sha256:addae134de73e4a8728e4281581f99c20ac80bc03db655a27d7c81338a499e74",
                "sha256:b791cdcf50574152c4e5007e2857031b9b3f0f0c86ccad6ccad66a32fe9e5c1c",
                "sha256:c39162b38cff046dece4704f31a3bdd685645be13175faa97342ede97b9f79be",
                "sha256:d2ac419d91ea151ce05402ad7df228eb0ead41f79d365e884667b0da5c994664",
                "sha256:d865b206b43c9a27f1230d29708e498b0ae23a20e03b7718a653cb9e9a1c5969",
                "sha256:dd5b2cf0fdab90dabecc0a37cef62ebfa0a0c7fd1df2d77c998769fd66fbcbf3",
                "sha256:dfd757e3834ec64755dc773487048d2675886e79da016816f763b9a8ab1c9ef7",
                "sha256:e9095b28d59f2497afe96e85982d9f8b353bec5d8881f3f3e987c1e6a3a07631",
                "sha256:ebbb6ddac77a56d06f62a255e7e743d4b37b9d242171e4478c58782337cb5c42",
                "sha256:f2c5e178b0559588e8d1e72d84045ff80666678081cf2af3fa51b633c5f33900"
            ],
            "index": "pypi",
            "version": "==9.0"
        }
    },
    "develop": {}
}
